
Microsoft Visual Studio Solution File, Format Version 12.00
# Visual Studio Version 17
VisualStudioVersion = 17.8.34330.188
MinimumVisualStudioVersion = 10.0.40219.1
Project("{FAE04EC0-301F-11D3-BF4B-00C04F79EFBC}") = "AvaloniaTest", "AvaloniaTest.csproj", "{60268E62-5ADE-4567-9BF6-58C064A063B9}"
EndProject
Global
	GlobalSection(SolutionConfigurationPlatforms) = preSolution
		Debug|Any CPU = Debug|Any CPU
		Release|Any CPU = Release|Any CPU
	EndGlobalSection
	GlobalSection(ProjectConfigurationPlatforms) = postSolution
		{60268E62-5ADE-4567-9BF6-58C064A063B9}.Debug|Any CPU.ActiveCfg = Debug|Any CPU
		{60268E62-5ADE-4567-9BF6-58C064A063B9}.Debug|Any CPU.Build.0 = Debug|Any CPU
		{60268E62-5ADE-4567-9BF6-58C064A063B9}.Release|Any CPU.ActiveCfg = Release|Any CPU
		{60268E62-5ADE-4567-9BF6-58C064A063B9}.Release|Any CPU.Build.0 = Release|Any CPU
	EndGlobalSection
	GlobalSection(SolutionProperties) = preSolution
		HideSolutionNode = FALSE
	EndGlobalSection
	GlobalSection(ExtensibilityGlobals) = postSolution
		SolutionGuid = {2C42566F-A523-446F-BC00-54C71F32D0E1}
	EndGlobalSection
EndGlobal
